
Microsoft Visual Studio Solution File, Format Version 12.00
# Visual Studio Version 17
VisualStudioVersion = 17.1.32228.430
MinimumVisualStudioVersion = 10.0.40219.1
Project("{FAE04EC0-301F-11D3-BF4B-00C04F79EFBC}") = "OS2", "OS2\OS2.csproj", "{6DFD6648-C31F-4B61-983E-08262A44740B}"
EndProject
Global
	GlobalSection(SolutionConfigurationPlatforms) = preSolution
		Debug|Any CPU = Debug|Any CPU
		Release|Any CPU = Release|Any CPU
	EndGlobalSection
	GlobalSection(ProjectConfigurationPlatforms) = postSolution
		{6DFD6648-C31F-4B61-983E-08262A44740B}.Debug|Any CPU.ActiveCfg = Debug|Any CPU
		{6DFD6648-C31F-4B61-983E-08262A44740B}.Debug|Any CPU.Build.0 = Debug|Any CPU
		{6DFD6648-C31F-4B61-983E-08262A44740B}.Release|Any CPU.ActiveCfg = Release|Any CPU
		{6DFD6648-C31F-4B61-983E-08262A44740B}.Release|Any CPU.Build.0 = Release|Any CPU
	EndGlobalSection
	GlobalSection(SolutionProperties) = preSolution
		HideSolutionNode = FALSE
	EndGlobalSection
	GlobalSection(ExtensibilityGlobals) = postSolution
		SolutionGuid = {B40D6B11-C8E8-4A4B-AE50-4F7682E65E93}
	EndGlobalSection
EndGlobal
